// !$*UTF8*$!
{
	archiveVersion = 1;
	classes = {
	};
	objectVersion = 45;
	objects = {

/* Begin PBXBuildFile section */
		1DDD58160DA1D0A300B32029 /* MainMenu.xib in Resources */ = {isa = PBXBuildFile; fileRef = 1DDD58140DA1D0A300B32029 /* MainMenu.xib */; };
		256AC3DA0F4B6AC300CF3369 /* SkreenicsAppDelegate.m in Sources */ = {isa = PBXBuildFile; fileRef = 256AC3D90F4B6AC300CF3369 /* SkreenicsAppDelegate.m */; };
		763811C1106846CB00B9ED30 /* SKDragView.m in Sources */ = {isa = PBXBuildFile; fileRef = 763811C0106846CB00B9ED30 /* SKDragView.m */; };
		763811DA106848E300B9ED30 /* SKProgressCell.m in Sources */ = {isa = PBXBuildFile; fileRef = 763811D7106848E300B9ED30 /* SKProgressCell.m */; };
		763811DB106848E300B9ED30 /* SKProgressIndicator.m in Sources */ = {isa = PBXBuildFile; fileRef = 763811D9106848E300B9ED30 /* SKProgressIndicator.m */; };
		763811E3106849A800B9ED30 /* QTKit.framework in Frameworks */ = {isa = PBXBuildFile; fileRef = 763811E2106849A800B9ED30 /* QTKit.framework */; };
		76BCD39C106FE58200D403AD /* SKRgbToNSColorTransformer.m in Sources */ = {isa = PBXBuildFile; fileRef = 76BCD39B106FE58200D403AD /* SKRgbToNSColorTransformer.m */; };
		76BCD61D10700EBB00D403AD /* ToolbarRemoveTemplate.png in Resources */ = {isa = PBXBuildFile; fileRef = 76BCD61C10700EBB00D403AD /* ToolbarRemoveTemplate.png */; };
		76DDDDE21070C2C9009CD7FA /* ExpandedPathToPathTransformer.m in Sources */ = {isa = PBXBuildFile; fileRef = 76DDDDDF1070C2C9009CD7FA /* ExpandedPathToPathTransformer.m */; };
		76DDDDE31070C2C9009CD7FA /* ExpandedPathToIconTransformer.m in Sources */ = {isa = PBXBuildFile; fileRef = 76DDDDE11070C2C9009CD7FA /* ExpandedPathToIconTransformer.m */; };
		76DDDF5B1070CCD6009CD7FA /* NSStringAdditions.m in Sources */ = {isa = PBXBuildFile; fileRef = 76DDDF5A1070CCD6009CD7FA /* NSStringAdditions.m */; };
		76E00CDC1069B73A004FCAB5 /* SKGenerateThumbnailOperation.m in Sources */ = {isa = PBXBuildFile; fileRef = 76E00C761069AAD6004FCAB5 /* SKGenerateThumbnailOperation.m */; };
		76F4945C106AFABD008D253A /* SKPreferencesController.m in Sources */ = {isa = PBXBuildFile; fileRef = 76F4945B106AFABD008D253A /* SKPreferencesController.m */; };
		76F4951A106C30CD008D253A /* SKVideoItem.m in Sources */ = {isa = PBXBuildFile; fileRef = 76F49519106C30CD008D253A /* SKVideoItem.m */; };
		76F497E7106D8C92008D253A /* UserDefaults.plist in Resources */ = {isa = PBXBuildFile; fileRef = 76F497E6106D8C92008D253A /* UserDefaults.plist */; };
		8D11072B0486CEB800E47090 /* InfoPlist.strings in Resources */ = {isa = PBXBuildFile; fileRef = 089C165CFE840E0CC02AAC07 /* InfoPlist.strings */; };
		8D11072D0486CEB800E47090 /* main.m in Sources */ = {isa = PBXBuildFile; fileRef = 29B97316FDCFA39411CA2CEA /* main.m */; settings = {ATTRIBUTES = (); }; };
		8D11072F0486CEB800E47090 /* Cocoa.framework in Frameworks */ = {isa = PBXBuildFile; fileRef = 1058C7A1FEA54F0111CA2CBB /* Cocoa.framework */; };
/* End PBXBuildFile section */

/* Begin PBXFileReference section */
		089C165DFE840E0CC02AAC07 /* English */ = {isa = PBXFileReference; fileEncoding = 4; lastKnownFileType = text.plist.strings; name = English; path = English.lproj/InfoPlist.strings; sourceTree = "<group>"; };
		1058C7A1FEA54F0111CA2CBB /* Cocoa.framework */ = {isa = PBXFileReference; lastKnownFileType = wrapper.framework; name = Cocoa.framework; path = /System/Library/Frameworks/Cocoa.framework; sourceTree = "<absolute>"; };
		13E42FB307B3F0F600E4EEF1 /* CoreData.framework */ = {isa = PBXFileReference; lastKnownFileType = wrapper.framework; name = CoreData.framework; path = /System/Library/Frameworks/CoreData.framework; sourceTree = "<absolute>"; };
		1DDD58150DA1D0A300B32029 /* English */ = {isa = PBXFileReference; lastKnownFileType = file.xib; name = English; path = English.lproj/MainMenu.xib; sourceTree = "<group>"; };
		256AC3D80F4B6AC300CF3369 /* SkreenicsAppDelegate.h */ = {isa = PBXFileReference; fileEncoding = 4; lastKnownFileType = sourcecode.c.h; path = SkreenicsAppDelegate.h; sourceTree = "<group>"; };
		256AC3D90F4B6AC300CF3369 /* SkreenicsAppDelegate.m */ = {isa = PBXFileReference; fileEncoding = 4; lastKnownFileType = sourcecode.c.objc; path = SkreenicsAppDelegate.m; sourceTree = "<group>"; };
		256AC3F00F4B6AF500CF3369 /* Skreenics_Prefix.pch */ = {isa = PBXFileReference; fileEncoding = 4; lastKnownFileType = sourcecode.c.h; path = Skreenics_Prefix.pch; sourceTree = "<group>"; };
		29B97316FDCFA39411CA2CEA /* main.m */ = {isa = PBXFileReference; fileEncoding = 4; lastKnownFileType = sourcecode.c.objc; path = main.m; sourceTree = "<group>"; };
		29B97324FDCFA39411CA2CEA /* AppKit.framework */ = {isa = PBXFileReference; lastKnownFileType = wrapper.framework; name = AppKit.framework; path = /System/Library/Frameworks/AppKit.framework; sourceTree = "<absolute>"; };
		29B97325FDCFA39411CA2CEA /* Foundation.framework */ = {isa = PBXFileReference; lastKnownFileType = wrapper.framework; name = Foundation.framework; path = /System/Library/Frameworks/Foundation.framework; sourceTree = "<absolute>"; };
		763811BF106846CB00B9ED30 /* SKDragView.h */ = {isa = PBXFileReference; fileEncoding = 4; lastKnownFileType = sourcecode.c.h; path = SKDragView.h; sourceTree = "<group>"; };
		763811C0106846CB00B9ED30 /* SKDragView.m */ = {isa = PBXFileReference; fileEncoding = 4; lastKnownFileType = sourcecode.c.objc; path = SKDragView.m; sourceTree = "<group>"; };
		763811C61068470200B9ED30 /* SKDragDelegateProtocol.h */ = {isa = PBXFileReference; fileEncoding = 4; lastKnownFileType = sourcecode.c.h; path = SKDragDelegateProtocol.h; sourceTree = "<group>"; };
		763811D6106848E300B9ED30 /* SKProgressCell.h */ = {isa = PBXFileReference; fileEncoding = 4; lastKnownFileType = sourcecode.c.h; path = SKProgressCell.h; sourceTree = "<group>"; };
		763811D7106848E300B9ED30 /* SKProgressCell.m */ = {isa = PBXFileReference; fileEncoding = 4; lastKnownFileType = sourcecode.c.objc; path = SKProgressCell.m; sourceTree = "<group>"; };
		763811D8106848E300B9ED30 /* SKProgressIndicator.h */ = {isa = PBXFileReference; fileEncoding = 4; lastKnownFileType = sourcecode.c.h; path = SKProgressIndicator.h; sourceTree = "<group>"; };
		763811D9106848E300B9ED30 /* SKProgressIndicator.m */ = {isa = PBXFileReference; fileEncoding = 4; lastKnownFileType = sourcecode.c.objc; path = SKProgressIndicator.m; sourceTree = "<group>"; };
		763811E2106849A800B9ED30 /* QTKit.framework */ = {isa = PBXFileReference; lastKnownFileType = wrapper.framework; name = QTKit.framework; path = /System/Library/Frameworks/QTKit.framework; sourceTree = "<absolute>"; };
		76BCD39A106FE58200D403AD /* SKRgbToNSColorTransformer.h */ = {isa = PBXFileReference; fileEncoding = 4; lastKnownFileType = sourcecode.c.h; path = SKRgbToNSColorTransformer.h; sourceTree = "<group>"; };
		76BCD39B106FE58200D403AD /* SKRgbToNSColorTransformer.m */ = {isa = PBXFileReference; fileEncoding = 4; lastKnownFileType = sourcecode.c.objc; path = SKRgbToNSColorTransformer.m; sourceTree = "<group>"; };
		76BCD61C10700EBB00D403AD /* ToolbarRemoveTemplate.png */ = {isa = PBXFileReference; lastKnownFileType = image.png; path = ToolbarRemoveTemplate.png; sourceTree = "<group>"; };
		76DDDDDE1070C2C9009CD7FA /* ExpandedPathToPathTransformer.h */ = {isa = PBXFileReference; fileEncoding = 4; lastKnownFileType = sourcecode.c.h; path = ExpandedPathToPathTransformer.h; sourceTree = "<group>"; };
		76DDDDDF1070C2C9009CD7FA /* ExpandedPathToPathTransformer.m */ = {isa = PBXFileReference; fileEncoding = 4; lastKnownFileType = sourcecode.c.objc; path = ExpandedPathToPathTransformer.m; sourceTree = "<group>"; };
		76DDDDE01070C2C9009CD7FA /* ExpandedPathToIconTransformer.h */ = {isa = PBXFileReference; fileEncoding = 4; lastKnownFileType = sourcecode.c.h; path = ExpandedPathToIconTransformer.h; sourceTree = "<group>"; };
		76DDDDE11070C2C9009CD7FA /* ExpandedPathToIconTransformer.m */ = {isa = PBXFileReference; fileEncoding = 4; lastKnownFileType = sourcecode.c.objc; path = ExpandedPathToIconTransformer.m; sourceTree = "<group>"; };
		76DDDF591070CCD6009CD7FA /* NSStringAdditions.h */ = {isa = PBXFileReference; fileEncoding = 4; lastKnownFileType = sourcecode.c.h; path = NSStringAdditions.h; sourceTree = "<group>"; };
		76DDDF5A1070CCD6009CD7FA /* NSStringAdditions.m */ = {isa = PBXFileReference; fileEncoding = 4; lastKnownFileType = sourcecode.c.objc; path = NSStringAdditions.m; sourceTree = "<group>"; };
		76E00A2910687386004FCAB5 /* SKDefines.h */ = {isa = PBXFileReference; fileEncoding = 4; lastKnownFileType = sourcecode.c.h; path = SKDefines.h; sourceTree = "<group>"; };
		76E00C751069AAD6004FCAB5 /* SKGenerateThumbnailOperation.h */ = {isa = PBXFileReference; fileEncoding = 4; lastKnownFileType = sourcecode.c.h; path = SKGenerateThumbnailOperation.h; sourceTree = "<group>"; };
		76E00C761069AAD6004FCAB5 /* SKGenerateThumbnailOperation.m */ = {isa = PBXFileReference; fileEncoding = 4; lastKnownFileType = sourcecode.c.objc; path = SKGenerateThumbnailOperation.m; sourceTree = "<group>"; };
		76F4945A106AFABD008D253A /* SKPreferencesController.h */ = {isa = PBXFileReference; fileEncoding = 4; lastKnownFileType = sourcecode.c.h; path = SKPreferencesController.h; sourceTree = "<group>"; };
		76F4945B106AFABD008D253A /* SKPreferencesController.m */ = {isa = PBXFileReference; fileEncoding = 4; lastKnownFileType = sourcecode.c.objc; path = SKPreferencesController.m; sourceTree = "<group>"; };
		76F49518106C30CD008D253A /* SKVideoItem.h */ = {isa = PBXFileReference; fileEncoding = 4; lastKnownFileType = sourcecode.c.h; path = SKVideoItem.h; sourceTree = "<group>"; };
		76F49519106C30CD008D253A /* SKVideoItem.m */ = {isa = PBXFileReference; fileEncoding = 4; lastKnownFileType = sourcecode.c.objc; path = SKVideoItem.m; sourceTree = "<group>"; };
		76F497E6106D8C92008D253A /* UserDefaults.plist */ = {isa = PBXFileReference; fileEncoding = 4; lastKnownFileType = text.plist.xml; path = UserDefaults.plist; sourceTree = "<group>"; };
		8D1107310486CEB800E47090 /* Skreenics-Info.plist */ = {isa = PBXFileReference; fileEncoding = 4; lastKnownFileType = text.plist.xml; path = "Skreenics-Info.plist"; sourceTree = "<group>"; };
		8D1107320486CEB800E47090 /* Skreenics.app */ = {isa = PBXFileReference; explicitFileType = wrapper.application; includeInIndex = 0; path = Skreenics.app; sourceTree = BUILT_PRODUCTS_DIR; };
/* End PBXFileReference section */

/* Begin PBXFrameworksBuildPhase section */
		8D11072E0486CEB800E47090 /* Frameworks */ = {
			isa = PBXFrameworksBuildPhase;
			buildActionMask = 2147483647;
			files = (
				8D11072F0486CEB800E47090 /* Cocoa.framework in Frameworks */,
				763811E3106849A800B9ED30 /* QTKit.framework in Frameworks */,
			);
			runOnlyForDeploymentPostprocessing = 0;
		};
/* End PBXFrameworksBuildPhase section */

/* Begin PBXGroup section */
		080E96DDFE201D6D7F000001 /* Classes */ = {
			isa = PBXGroup;
			children = (
				256AC3D80F4B6AC300CF3369 /* SkreenicsAppDelegate.h */,
				256AC3D90F4B6AC300CF3369 /* SkreenicsAppDelegate.m */,
				76F49518106C30CD008D253A /* SKVideoItem.h */,
				76F49519106C30CD008D253A /* SKVideoItem.m */,
				76F49459106AFAA7008D253A /* Controllers */,
				76E00C741069AAD6004FCAB5 /* Operations */,
				763811D5106848D300B9ED30 /* GUI Elements */,
				76DDDF571070CCC5009CD7FA /* Additions */,
				76BCD38A106FE4D900D403AD /* Value Transformers */,
				763811C51068470200B9ED30 /* Protocols */,
			);
			name = Classes;
			sourceTree = "<group>";
		};
		1058C7A0FEA54F0111CA2CBB /* Linked Frameworks */ = {
			isa = PBXGroup;
			children = (
				1058C7A1FEA54F0111CA2CBB /* Cocoa.framework */,
				763811E2106849A800B9ED30 /* QTKit.framework */,
			);
			name = "Linked Frameworks";
			sourceTree = "<group>";
		};
		1058C7A2FEA54F0111CA2CBB /* Other Frameworks */ = {
			isa = PBXGroup;
			children = (
				29B97324FDCFA39411CA2CEA /* AppKit.framework */,
				13E42FB307B3F0F600E4EEF1 /* CoreData.framework */,
				29B97325FDCFA39411CA2CEA /* Foundation.framework */,
			);
			name = "Other Frameworks";
			sourceTree = "<group>";
		};
		19C28FACFE9D520D11CA2CBB /* Products */ = {
			isa = PBXGroup;
			children = (
				8D1107320486CEB800E47090 /* Skreenics.app */,
			);
			name = Products;
			sourceTree = "<group>";
		};
		29B97314FDCFA39411CA2CEA /* Skreenics */ = {
			isa = PBXGroup;
			children = (
				080E96DDFE201D6D7F000001 /* Classes */,
				29B97315FDCFA39411CA2CEA /* Other Sources */,
				29B97317FDCFA39411CA2CEA /* Resources */,
				29B97323FDCFA39411CA2CEA /* Frameworks */,
				19C28FACFE9D520D11CA2CBB /* Products */,
			);
			name = Skreenics;
			sourceTree = "<group>";
		};
		29B97315FDCFA39411CA2CEA /* Other Sources */ = {
			isa = PBXGroup;
			children = (
				76E00A2910687386004FCAB5 /* SKDefines.h */,
				256AC3F00F4B6AF500CF3369 /* Skreenics_Prefix.pch */,
				29B97316FDCFA39411CA2CEA /* main.m */,
			);
			name = "Other Sources";
			sourceTree = "<group>";
		};
		29B97317FDCFA39411CA2CEA /* Resources */ = {
			isa = PBXGroup;
			children = (
				76BCD61B10700EB500D403AD /* Images */,
				8D1107310486CEB800E47090 /* Skreenics-Info.plist */,
				089C165CFE840E0CC02AAC07 /* InfoPlist.strings */,
				1DDD58140DA1D0A300B32029 /* MainMenu.xib */,
				76F497E6106D8C92008D253A /* UserDefaults.plist */,
			);
			name = Resources;
			sourceTree = "<group>";
		};
		29B97323FDCFA39411CA2CEA /* Frameworks */ = {
			isa = PBXGroup;
			children = (
				1058C7A0FEA54F0111CA2CBB /* Linked Frameworks */,
				1058C7A2FEA54F0111CA2CBB /* Other Frameworks */,
			);
			name = Frameworks;
			sourceTree = "<group>";
		};
		763811C51068470200B9ED30 /* Protocols */ = {
			isa = PBXGroup;
			children = (
				763811C61068470200B9ED30 /* SKDragDelegateProtocol.h */,
			);
			name = Protocols;
			sourceTree = "<group>";
		};
		763811D5106848D300B9ED30 /* GUI Elements */ = {
			isa = PBXGroup;
			children = (
				763811D6106848E300B9ED30 /* SKProgressCell.h */,
				763811D7106848E300B9ED30 /* SKProgressCell.m */,
				763811D8106848E300B9ED30 /* SKProgressIndicator.h */,
				763811D9106848E300B9ED30 /* SKProgressIndicator.m */,
				763811BF106846CB00B9ED30 /* SKDragView.h */,
				763811C0106846CB00B9ED30 /* SKDragView.m */,
			);
			name = "GUI Elements";
			sourceTree = "<group>";
		};
		76BCD38A106FE4D900D403AD /* Value Transformers */ = {
			isa = PBXGroup;
			children = (
				76BCD39A106FE58200D403AD /* SKRgbToNSColorTransformer.h */,
				76BCD39B106FE58200D403AD /* SKRgbToNSColorTransformer.m */,
				76DDDDDE1070C2C9009CD7FA /* ExpandedPathToPathTransformer.h */,
				76DDDDDF1070C2C9009CD7FA /* ExpandedPathToPathTransformer.m */,
				76DDDDE01070C2C9009CD7FA /* ExpandedPathToIconTransformer.h */,
				76DDDDE11070C2C9009CD7FA /* ExpandedPathToIconTransformer.m */,
			);
			name = "Value Transformers";
			sourceTree = "<group>";
		};
		76BCD61B10700EB500D403AD /* Images */ = {
			isa = PBXGroup;
			children = (
				76BCD61C10700EBB00D403AD /* ToolbarRemoveTemplate.png */,
			);
			name = Images;
			sourceTree = "<group>";
		};
		76DDDF571070CCC5009CD7FA /* Additions */ = {
			isa = PBXGroup;
			children = (
				76DDDF591070CCD6009CD7FA /* NSStringAdditions.h */,
				76DDDF5A1070CCD6009CD7FA /* NSStringAdditions.m */,
			);
			name = Additions;
			sourceTree = "<group>";
		};
		76E00C741069AAD6004FCAB5 /* Operations */ = {
			isa = PBXGroup;
			children = (
				76E00C751069AAD6004FCAB5 /* SKGenerateThumbnailOperation.h */,
				76E00C761069AAD6004FCAB5 /* SKGenerateThumbnailOperation.m */,
			);
			name = Operations;
			sourceTree = "<group>";
		};
		76F49459106AFAA7008D253A /* Controllers */ = {
			isa = PBXGroup;
			children = (
				76F4945A106AFABD008D253A /* SKPreferencesController.h */,
				76F4945B106AFABD008D253A /* SKPreferencesController.m */,
			);
			name = Controllers;
			sourceTree = "<group>";
		};
/* End PBXGroup section */

/* Begin PBXNativeTarget section */
		8D1107260486CEB800E47090 /* Skreenics */ = {
			isa = PBXNativeTarget;
			buildConfigurationList = C01FCF4A08A954540054247B /* Build configuration list for PBXNativeTarget "Skreenics" */;
			buildPhases = (
				8D1107290486CEB800E47090 /* Resources */,
				8D11072C0486CEB800E47090 /* Sources */,
				8D11072E0486CEB800E47090 /* Frameworks */,
			);
			buildRules = (
			);
			dependencies = (
			);
			name = Skreenics;
			productInstallPath = "$(HOME)/Applications";
			productName = Skreenics;
			productReference = 8D1107320486CEB800E47090 /* Skreenics.app */;
			productType = "com.apple.product-type.application";
		};
/* End PBXNativeTarget section */

/* Begin PBXProject section */
		29B97313FDCFA39411CA2CEA /* Project object */ = {
			isa = PBXProject;
			buildConfigurationList = C01FCF4E08A954540054247B /* Build configuration list for PBXProject "Skreenics" */;
			compatibilityVersion = "Xcode 3.1";
			hasScannedForEncodings = 1;
			mainGroup = 29B97314FDCFA39411CA2CEA /* Skreenics */;
			projectDirPath = "";
			projectRoot = "";
			targets = (
				8D1107260486CEB800E47090 /* Skreenics */,
			);
		};
/* End PBXProject section */

/* Begin PBXResourcesBuildPhase section */
		8D1107290486CEB800E47090 /* Resources */ = {
			isa = PBXResourcesBuildPhase;
			buildActionMask = 2147483647;
			files = (
				8D11072B0486CEB800E47090 /* InfoPlist.strings in Resources */,
				1DDD58160DA1D0A300B32029 /* MainMenu.xib in Resources */,
				76F497E7106D8C92008D253A /* UserDefaults.plist in Resources */,
				76BCD61D10700EBB00D403AD /* ToolbarRemoveTemplate.png in Resources */,
			);
			runOnlyForDeploymentPostprocessing = 0;
		};
/* End PBXResourcesBuildPhase section */

/* Begin PBXSourcesBuildPhase section */
		8D11072C0486CEB800E47090 /* Sources */ = {
			isa = PBXSourcesBuildPhase;
			buildActionMask = 2147483647;
			files = (
				8D11072D0486CEB800E47090 /* main.m in Sources */,
				256AC3DA0F4B6AC300CF3369 /* SkreenicsAppDelegate.m in Sources */,
				763811C1106846CB00B9ED30 /* SKDragView.m in Sources */,
				763811DA106848E300B9ED30 /* SKProgressCell.m in Sources */,
				763811DB106848E300B9ED30 /* SKProgressIndicator.m in Sources */,
				76E00CDC1069B73A004FCAB5 /* SKGenerateThumbnailOperation.m in Sources */,
				76F4945C106AFABD008D253A /* SKPreferencesController.m in Sources */,
				76F4951A106C30CD008D253A /* SKVideoItem.m in Sources */,
				76BCD39C106FE58200D403AD /* SKRgbToNSColorTransformer.m in Sources */,
				76DDDDE21070C2C9009CD7FA /* ExpandedPathToPathTransformer.m in Sources */,
				76DDDDE31070C2C9009CD7FA /* ExpandedPathToIconTransformer.m in Sources */,
				76DDDF5B1070CCD6009CD7FA /* NSStringAdditions.m in Sources */,
			);
			runOnlyForDeploymentPostprocessing = 0;
		};
/* End PBXSourcesBuildPhase section */

/* Begin PBXVariantGroup section */
		089C165CFE840E0CC02AAC07 /* InfoPlist.strings */ = {
			isa = PBXVariantGroup;
			children = (
				089C165DFE840E0CC02AAC07 /* English */,
			);
			name = InfoPlist.strings;
			sourceTree = "<group>";
		};
		1DDD58140DA1D0A300B32029 /* MainMenu.xib */ = {
			isa = PBXVariantGroup;
			children = (
				1DDD58150DA1D0A300B32029 /* English */,
			);
			name = MainMenu.xib;
			sourceTree = "<group>";
		};
/* End PBXVariantGroup section */

/* Begin XCBuildConfiguration section */
		C01FCF4B08A954540054247B /* Debug */ = {
			isa = XCBuildConfiguration;
			buildSettings = {
				ALWAYS_SEARCH_USER_PATHS = NO;
				COPY_PHASE_STRIP = NO;
				GCC_DYNAMIC_NO_PIC = NO;
				GCC_ENABLE_FIX_AND_CONTINUE = YES;
				GCC_MODEL_TUNING = G5;
				GCC_OPTIMIZATION_LEVEL = 0;
				GCC_PRECOMPILE_PREFIX_HEADER = YES;
				GCC_PREFIX_HEADER = Skreenics_Prefix.pch;
				INFOPLIST_FILE = "Skreenics-Info.plist";
				INSTALL_PATH = "$(HOME)/Applications";
				PRODUCT_NAME = Skreenics;
				SDKROOT = macosx10.5;
			};
			name = Debug;
		};
		C01FCF4C08A954540054247B /* Release */ = {
			isa = XCBuildConfiguration;
			buildSettings = {
				ALWAYS_SEARCH_USER_PATHS = NO;
				DEBUG_INFORMATION_FORMAT = "dwarf-with-dsym";
				GCC_MODEL_TUNING = G5;
				GCC_PRECOMPILE_PREFIX_HEADER = YES;
				GCC_PREFIX_HEADER = Skreenics_Prefix.pch;
				INFOPLIST_FILE = "Skreenics-Info.plist";
				INSTALL_PATH = "$(HOME)/Applications";
				PRODUCT_NAME = Skreenics;
			};
			name = Release;
		};
		C01FCF4F08A954540054247B /* Debug */ = {
			isa = XCBuildConfiguration;
			buildSettings = {
				ARCHS = "$(ARCHS_STANDARD_32_64_BIT)";
				GCC_C_LANGUAGE_STANDARD = gnu99;
				GCC_OPTIMIZATION_LEVEL = 0;
				GCC_WARN_ABOUT_RETURN_TYPE = YES;
				GCC_WARN_UNUSED_VARIABLE = YES;
				ONLY_ACTIVE_ARCH = YES;
				PREBINDING = NO;
				SDKROOT = macosx10.6;
			};
			name = Debug;
		};
		C01FCF5008A954540054247B /* Release */ = {
			isa = XCBuildConfiguration;
			buildSettings = {
				ARCHS = "$(ARCHS_STANDARD_32_64_BIT)";
				GCC_C_LANGUAGE_STANDARD = gnu99;
				GCC_WARN_ABOUT_RETURN_TYPE = YES;
				GCC_WARN_UNUSED_VARIABLE = YES;
				PREBINDING = NO;
				SDKROOT = macosx10.6;
			};
			name = Release;
		};
/* End XCBuildConfiguration section */

/* Begin XCConfigurationList section */
		C01FCF4A08A954540054247B /* Build configuration list for PBXNativeTarget "Skreenics" */ = {
			isa = XCConfigurationList;
			buildConfigurations = (
				C01FCF4B08A954540054247B /* Debug */,
				C01FCF4C08A954540054247B /* Release */,
			);
			defaultConfigurationIsVisible = 0;
			defaultConfigurationName = Release;
		};
		C01FCF4E08A954540054247B /* Build configuration list for PBXProject "Skreenics" */ = {
			isa = XCConfigurationList;
			buildConfigurations = (
				C01FCF4F08A954540054247B /* Debug */,
				C01FCF5008A954540054247B /* Release */,
			);
			defaultConfigurationIsVisible = 0;
			defaultConfigurationName = Release;
		};
/* End XCConfigurationList section */
	};
	rootObject = 29B97313FDCFA39411CA2CEA /* Project object */;
}
